
Microsoft Visual Studio Solution File, Format Version 12.00
# Visual Studio 2013
VisualStudioVersion = 12.0.30501.0
MinimumVisualStudioVersion = 10.0.40219.1
Project("{FAE04EC0-301F-11D3-BF4B-00C04F79EFBC}") = "IContactPro.Test.Functional", "IContactPro.Test.Functional\IContactPro.Test.Functional.csproj", "{D89C3919-9F36-4C0C-BDB2-842EE4B867A9}"
EndProject
Project("{FAE04EC0-301F-11D3-BF4B-00C04F79EFBC}") = "IContactPro.Test.Pages", "IContactPro.Test.Pages\IContactPro.Test.Pages.csproj", "{3CD9EA84-F562-403D-90E3-35992DF6D668}"
EndProject
Project("{FAE04EC0-301F-11D3-BF4B-00C04F79EFBC}") = "Zukini", "Zukini\Zukini.csproj", "{AA04CD0E-F5A9-4331-849B-30D3FACDFCEE}"
EndProject
Global
	GlobalSection(SolutionConfigurationPlatforms) = preSolution
		Debug|Any CPU = Debug|Any CPU
		Release|Any CPU = Release|Any CPU
	EndGlobalSection
	GlobalSection(ProjectConfigurationPlatforms) = postSolution
		{D89C3919-9F36-4C0C-BDB2-842EE4B867A9}.Debug|Any CPU.ActiveCfg = Debug|Any CPU
		{D89C3919-9F36-4C0C-BDB2-842EE4B867A9}.Debug|Any CPU.Build.0 = Debug|Any CPU
		{D89C3919-9F36-4C0C-BDB2-842EE4B867A9}.Release|Any CPU.ActiveCfg = Release|Any CPU
		{D89C3919-9F36-4C0C-BDB2-842EE4B867A9}.Release|Any CPU.Build.0 = Release|Any CPU
		{3CD9EA84-F562-403D-90E3-35992DF6D668}.Debug|Any CPU.ActiveCfg = Debug|Any CPU
		{3CD9EA84-F562-403D-90E3-35992DF6D668}.Debug|Any CPU.Build.0 = Debug|Any CPU
		{3CD9EA84-F562-403D-90E3-35992DF6D668}.Release|Any CPU.ActiveCfg = Release|Any CPU
		{3CD9EA84-F562-403D-90E3-35992DF6D668}.Release|Any CPU.Build.0 = Release|Any CPU
		{AA04CD0E-F5A9-4331-849B-30D3FACDFCEE}.Debug|Any CPU.ActiveCfg = Debug|Any CPU
		{AA04CD0E-F5A9-4331-849B-30D3FACDFCEE}.Debug|Any CPU.Build.0 = Debug|Any CPU
		{AA04CD0E-F5A9-4331-849B-30D3FACDFCEE}.Release|Any CPU.ActiveCfg = Release|Any CPU
		{AA04CD0E-F5A9-4331-849B-30D3FACDFCEE}.Release|Any CPU.Build.0 = Release|Any CPU
	EndGlobalSection
	GlobalSection(SolutionProperties) = preSolution
		HideSolutionNode = FALSE
	EndGlobalSection
EndGlobal
