
Microsoft Visual Studio Solution File, Format Version 12.00
# Visual Studio 14
VisualStudioVersion = 14.0.24720.0
MinimumVisualStudioVersion = 10.0.40219.1
Project("{FAE04EC0-301F-11D3-BF4B-00C04F79EFBC}") = "Zukini", "Zukini\Zukini.csproj", "{AA04CD0E-F5A9-4331-849B-30D3FACDFCEE}"
EndProject
Project("{FAE04EC0-301F-11D3-BF4B-00C04F79EFBC}") = "Zukini.Examples.Features", "Zukini.Examples.Features\Zukini.Examples.Features.csproj", "{7B5FC33E-37DB-46EA-A2BF-8947FE2CBA09}"
EndProject
Project("{FAE04EC0-301F-11D3-BF4B-00C04F79EFBC}") = "Zukini.Examples.Pages", "Zukini.Examples.Pages\Zukini.Examples.Pages.csproj", "{4F2953CD-CF1A-452A-9276-FF7F60CAB934}"
EndProject
Project("{FAE04EC0-301F-11D3-BF4B-00C04F79EFBC}") = "Zukini.UI", "Zukini.UI\Zukini.UI.csproj", "{8E5638A8-13DA-4F84-B2A7-4AB79A534E12}"
EndProject
Project("{FAE04EC0-301F-11D3-BF4B-00C04F79EFBC}") = "Zukini.API", "Zukini.API\Zukini.API.csproj", "{8DC273B4-5143-4C18-BA41-C22049C5B3A8}"
EndProject
Global
	GlobalSection(SolutionConfigurationPlatforms) = preSolution
		Debug|Any CPU = Debug|Any CPU
		Release|Any CPU = Release|Any CPU
	EndGlobalSection
	GlobalSection(ProjectConfigurationPlatforms) = postSolution
		{AA04CD0E-F5A9-4331-849B-30D3FACDFCEE}.Debug|Any CPU.ActiveCfg = Debug|Any CPU
		{AA04CD0E-F5A9-4331-849B-30D3FACDFCEE}.Debug|Any CPU.Build.0 = Debug|Any CPU
		{AA04CD0E-F5A9-4331-849B-30D3FACDFCEE}.Release|Any CPU.ActiveCfg = Release|Any CPU
		{AA04CD0E-F5A9-4331-849B-30D3FACDFCEE}.Release|Any CPU.Build.0 = Release|Any CPU
		{7B5FC33E-37DB-46EA-A2BF-8947FE2CBA09}.Debug|Any CPU.ActiveCfg = Debug|Any CPU
		{7B5FC33E-37DB-46EA-A2BF-8947FE2CBA09}.Debug|Any CPU.Build.0 = Debug|Any CPU
		{7B5FC33E-37DB-46EA-A2BF-8947FE2CBA09}.Release|Any CPU.ActiveCfg = Release|Any CPU
		{7B5FC33E-37DB-46EA-A2BF-8947FE2CBA09}.Release|Any CPU.Build.0 = Release|Any CPU
		{4F2953CD-CF1A-452A-9276-FF7F60CAB934}.Debug|Any CPU.ActiveCfg = Debug|Any CPU
		{4F2953CD-CF1A-452A-9276-FF7F60CAB934}.Debug|Any CPU.Build.0 = Debug|Any CPU
		{4F2953CD-CF1A-452A-9276-FF7F60CAB934}.Release|Any CPU.ActiveCfg = Release|Any CPU
		{4F2953CD-CF1A-452A-9276-FF7F60CAB934}.Release|Any CPU.Build.0 = Release|Any CPU
		{8E5638A8-13DA-4F84-B2A7-4AB79A534E12}.Debug|Any CPU.ActiveCfg = Debug|Any CPU
		{8E5638A8-13DA-4F84-B2A7-4AB79A534E12}.Debug|Any CPU.Build.0 = Debug|Any CPU
		{8E5638A8-13DA-4F84-B2A7-4AB79A534E12}.Release|Any CPU.ActiveCfg = Release|Any CPU
		{8E5638A8-13DA-4F84-B2A7-4AB79A534E12}.Release|Any CPU.Build.0 = Release|Any CPU
		{8DC273B4-5143-4C18-BA41-C22049C5B3A8}.Debug|Any CPU.ActiveCfg = Debug|Any CPU
		{8DC273B4-5143-4C18-BA41-C22049C5B3A8}.Debug|Any CPU.Build.0 = Debug|Any CPU
		{8DC273B4-5143-4C18-BA41-C22049C5B3A8}.Release|Any CPU.ActiveCfg = Release|Any CPU
		{8DC273B4-5143-4C18-BA41-C22049C5B3A8}.Release|Any CPU.Build.0 = Release|Any CPU
	EndGlobalSection
	GlobalSection(SolutionProperties) = preSolution
		HideSolutionNode = FALSE
	EndGlobalSection
EndGlobal
